
Microsoft Visual Studio Solution File, Format Version 12.00
# Visual Studio 15
VisualStudioVersion = 15.0.28010.2016
MinimumVisualStudioVersion = 10.0.40219.1
Project("{9A19103F-16F7-4668-BE54-9A1E7A4F7556}") = "CoreQuiz", "CoreQuiz\CoreQuiz.csproj", "{4EB06681-10DF-4E5E-A187-45D1FAE91943}"
EndProject
Project("{9A19103F-16F7-4668-BE54-9A1E7A4F7556}") = "XUnitTest", "XUnitTest\XUnitTest.csproj", "{3424BC4A-9D2C-417C-88A8-4253D4DE3835}"
EndProject
Project("{9A19103F-16F7-4668-BE54-9A1E7A4F7556}") = "QuizLibrary", "Interfaces\QuizLibrary.csproj", "{370B0148-2D44-4109-80FD-6424B18642E6}"
EndProject
Project("{9A19103F-16F7-4668-BE54-9A1E7A4F7556}") = "Exceptions", "Exceptions\Exceptions.csproj", "{3A687341-D590-4085-AAC9-880DEE398B8B}"
EndProject
Project("{FAE04EC0-301F-11D3-BF4B-00C04F79EFBC}") = "CoreAPI", "CoreAPI\CoreAPI.csproj", "{54C5CFA2-4BDA-44B6-8A56-82A19769CAD7}"
EndProject
Global
	GlobalSection(SolutionConfigurationPlatforms) = preSolution
		Debug|Any CPU = Debug|Any CPU
		Release|Any CPU = Release|Any CPU
	EndGlobalSection
	GlobalSection(ProjectConfigurationPlatforms) = postSolution
		{4EB06681-10DF-4E5E-A187-45D1FAE91943}.Debug|Any CPU.ActiveCfg = Debug|Any CPU
		{4EB06681-10DF-4E5E-A187-45D1FAE91943}.Debug|Any CPU.Build.0 = Debug|Any CPU
		{4EB06681-10DF-4E5E-A187-45D1FAE91943}.Release|Any CPU.ActiveCfg = Release|Any CPU
		{4EB06681-10DF-4E5E-A187-45D1FAE91943}.Release|Any CPU.Build.0 = Release|Any CPU
		{3424BC4A-9D2C-417C-88A8-4253D4DE3835}.Debug|Any CPU.ActiveCfg = Debug|Any CPU
		{3424BC4A-9D2C-417C-88A8-4253D4DE3835}.Debug|Any CPU.Build.0 = Debug|Any CPU
		{3424BC4A-9D2C-417C-88A8-4253D4DE3835}.Release|Any CPU.ActiveCfg = Release|Any CPU
		{3424BC4A-9D2C-417C-88A8-4253D4DE3835}.Release|Any CPU.Build.0 = Release|Any CPU
		{370B0148-2D44-4109-80FD-6424B18642E6}.Debug|Any CPU.ActiveCfg = Debug|Any CPU
		{370B0148-2D44-4109-80FD-6424B18642E6}.Debug|Any CPU.Build.0 = Debug|Any CPU
		{370B0148-2D44-4109-80FD-6424B18642E6}.Release|Any CPU.ActiveCfg = Release|Any CPU
		{370B0148-2D44-4109-80FD-6424B18642E6}.Release|Any CPU.Build.0 = Release|Any CPU
		{3A687341-D590-4085-AAC9-880DEE398B8B}.Debug|Any CPU.ActiveCfg = Debug|Any CPU
		{3A687341-D590-4085-AAC9-880DEE398B8B}.Debug|Any CPU.Build.0 = Debug|Any CPU
		{3A687341-D590-4085-AAC9-880DEE398B8B}.Release|Any CPU.ActiveCfg = Release|Any CPU
		{3A687341-D590-4085-AAC9-880DEE398B8B}.Release|Any CPU.Build.0 = Release|Any CPU
		{54C5CFA2-4BDA-44B6-8A56-82A19769CAD7}.Debug|Any CPU.ActiveCfg = Debug|Any CPU
		{54C5CFA2-4BDA-44B6-8A56-82A19769CAD7}.Debug|Any CPU.Build.0 = Debug|Any CPU
		{54C5CFA2-4BDA-44B6-8A56-82A19769CAD7}.Release|Any CPU.ActiveCfg = Release|Any CPU
		{54C5CFA2-4BDA-44B6-8A56-82A19769CAD7}.Release|Any CPU.Build.0 = Release|Any CPU
	EndGlobalSection
	GlobalSection(SolutionProperties) = preSolution
		HideSolutionNode = FALSE
	EndGlobalSection
	GlobalSection(ExtensibilityGlobals) = postSolution
		SolutionGuid = {4D808C05-4353-4D0F-ADB6-E604DC0FFE75}
	EndGlobalSection
EndGlobal
